// !$*UTF8*$!
{
	archiveVersion = 1;
	classes = {
	};
	objectVersion = 54;
	objects = {

/* Begin PBXBuildFile section */
		00E356F31AD99517003FC87E /* OneKeePassMobileTests.m in Sources */ = {isa = PBXBuildFile; fileRef = 00E356F21AD99517003FC87E /* OneKeePassMobileTests.m */; };
		0C80B921A6F3F58F76C31292 /* libPods-OneKeePassMobile.a in Frameworks */ = {isa = PBXBuildFile; fileRef = 5DCACB8F33CDC322A6C60F78 /* libPods-OneKeePassMobile.a */; };
		13B07FBF1A68108700A75B9A /* Images.xcassets in Resources */ = {isa = PBXBuildFile; fileRef = 13B07FB51A68108700A75B9A /* Images.xcassets */; };
		7699B88040F8A987B510C191 /* libPods-OneKeePassMobile-OneKeePassMobileTests.a in Frameworks */ = {isa = PBXBuildFile; fileRef = 19F6CBCC0A4E27FBF8BF4A61 /* libPods-OneKeePassMobile-OneKeePassMobileTests.a */; };
		81AB9BB82411601600AC10FF /* LaunchScreen.storyboard in Resources */ = {isa = PBXBuildFile; fileRef = 81AB9BB72411601600AC10FF /* LaunchScreen.storyboard */; };
		F90DF3752A466FF00041F9F5 /* SecureKeyService.swift in Sources */ = {isa = PBXBuildFile; fileRef = F90DF3742A466FF00041F9F5 /* SecureKeyService.swift */; };
		F92CB0FF28FDCABF00A79F60 /* OkpDocumentPickerServiceBridge.m in Sources */ = {isa = PBXBuildFile; fileRef = F92CB0FE28FDCABF00A79F60 /* OkpDocumentPickerServiceBridge.m */; };
		F92CB10128FDCBC400A79F60 /* OkpDocumentPickerService.swift in Sources */ = {isa = PBXBuildFile; fileRef = F92CB10028FDCBC400A79F60 /* OkpDocumentPickerService.swift */; };
		F92CB10328FF7A7500A79F60 /* DbServiceAPI.swift in Sources */ = {isa = PBXBuildFile; fileRef = F92CB10228FF7A7500A79F60 /* DbServiceAPI.swift */; };
		F94CD9A92AE7364E00649D28 /* libbotan-3.a in Frameworks */ = {isa = PBXBuildFile; fileRef = F94CD9A82AE7360B00649D28 /* libbotan-3.a */; };
		F969C3F128D4C8D90020FA62 /* OkpDbService.swift in Sources */ = {isa = PBXBuildFile; fileRef = F969C3EF28D4C8D90020FA62 /* OkpDbService.swift */; };
		F969C3F228D4C8D90020FA62 /* OkpDbServiceBridge.m in Sources */ = {isa = PBXBuildFile; fileRef = F969C3F028D4C8D90020FA62 /* OkpDbServiceBridge.m */; };
		F9AD1B6729B63B6C00BED32A /* SceneDelegate.swift in Sources */ = {isa = PBXBuildFile; fileRef = F9AD1B6629B63B6C00BED32A /* SceneDelegate.swift */; };
		F9AD1B6B29B78F1200BED32A /* AppDelegate.swift in Sources */ = {isa = PBXBuildFile; fileRef = F9AD1B6A29B78F1100BED32A /* AppDelegate.swift */; };
		F9AE2F40290440380013D9AB /* OkpLogger.swift in Sources */ = {isa = PBXBuildFile; fileRef = F9AE2F3E290440380013D9AB /* OkpLogger.swift */; };
		F9AE2F41290440380013D9AB /* FileUtils.swift in Sources */ = {isa = PBXBuildFile; fileRef = F9AE2F3F290440380013D9AB /* FileUtils.swift */; };
		F9C4D29729AFE1CE00B83DEB /* OkpEvents.swift in Sources */ = {isa = PBXBuildFile; fileRef = F9C4D29629AFE1CE00B83DEB /* OkpEvents.swift */; };
		F9C4D29929AFEC8A00B83DEB /* OkpEventsBridge.m in Sources */ = {isa = PBXBuildFile; fileRef = F9C4D29829AFEC8A00B83DEB /* OkpEventsBridge.m */; };
		F9C4D29B29B11B1600B83DEB /* OkpExport.swift in Sources */ = {isa = PBXBuildFile; fileRef = F9C4D29A29B11B1600B83DEB /* OkpExport.swift */; };
		F9C4D29D29B11BAF00B83DEB /* OkpExportBridge.m in Sources */ = {isa = PBXBuildFile; fileRef = F9C4D29C29B11BAF00B83DEB /* OkpExportBridge.m */; };
		F9CD34AA28E2AABC00B6C59C /* FontAwesome.ttf in Resources */ = {isa = PBXBuildFile; fileRef = F9CD349A28E2AABB00B6C59C /* FontAwesome.ttf */; };
		F9CD34AB28E2AABC00B6C59C /* Feather.ttf in Resources */ = {isa = PBXBuildFile; fileRef = F9CD349B28E2AABB00B6C59C /* Feather.ttf */; };
		F9CD34AC28E2AABC00B6C59C /* EvilIcons.ttf in Resources */ = {isa = PBXBuildFile; fileRef = F9CD349C28E2AABC00B6C59C /* EvilIcons.ttf */; };
		F9CD34AD28E2AABC00B6C59C /* MaterialCommunityIcons.ttf in Resources */ = {isa = PBXBuildFile; fileRef = F9CD349D28E2AABC00B6C59C /* MaterialCommunityIcons.ttf */; };
		F9CD34AE28E2AABC00B6C59C /* AntDesign.ttf in Resources */ = {isa = PBXBuildFile; fileRef = F9CD349E28E2AABC00B6C59C /* AntDesign.ttf */; };
		F9CD34AF28E2AABC00B6C59C /* SimpleLineIcons.ttf in Resources */ = {isa = PBXBuildFile; fileRef = F9CD349F28E2AABC00B6C59C /* SimpleLineIcons.ttf */; };
		F9CD34B028E2AABC00B6C59C /* Foundation.ttf in Resources */ = {isa = PBXBuildFile; fileRef = F9CD34A028E2AABC00B6C59C /* Foundation.ttf */; };
		F9CD34B128E2AABC00B6C59C /* Ionicons.ttf in Resources */ = {isa = PBXBuildFile; fileRef = F9CD34A128E2AABC00B6C59C /* Ionicons.ttf */; };
		F9CD34B228E2AABC00B6C59C /* MaterialIcons.ttf in Resources */ = {isa = PBXBuildFile; fileRef = F9CD34A228E2AABC00B6C59C /* MaterialIcons.ttf */; };
		F9CD34B328E2AABC00B6C59C /* Fontisto.ttf in Resources */ = {isa = PBXBuildFile; fileRef = F9CD34A328E2AABC00B6C59C /* Fontisto.ttf */; };
		F9CD34B428E2AABC00B6C59C /* Entypo.ttf in Resources */ = {isa = PBXBuildFile; fileRef = F9CD34A428E2AABC00B6C59C /* Entypo.ttf */; };
		F9CD34B528E2AABC00B6C59C /* Zocial.ttf in Resources */ = {isa = PBXBuildFile; fileRef = F9CD34A528E2AABC00B6C59C /* Zocial.ttf */; };
		F9CD34B628E2AABC00B6C59C /* FontAwesome5_Brands.ttf in Resources */ = {isa = PBXBuildFile; fileRef = F9CD34A628E2AABC00B6C59C /* FontAwesome5_Brands.ttf */; };
		F9CD34B728E2AABC00B6C59C /* FontAwesome5_Solid.ttf in Resources */ = {isa = PBXBuildFile; fileRef = F9CD34A728E2AABC00B6C59C /* FontAwesome5_Solid.ttf */; };
		F9CD34B828E2AABC00B6C59C /* FontAwesome5_Regular.ttf in Resources */ = {isa = PBXBuildFile; fileRef = F9CD34A828E2AABC00B6C59C /* FontAwesome5_Regular.ttf */; };
		F9CD34B928E2AABC00B6C59C /* Octicons.ttf in Resources */ = {isa = PBXBuildFile; fileRef = F9CD34A928E2AABC00B6C59C /* Octicons.ttf */; };
		F9D88149291430B500467986 /* OkpError.swift in Sources */ = {isa = PBXBuildFile; fileRef = F9D88148291430B500467986 /* OkpError.swift */; };
		F9E4235529DC8CE000A8F366 /* BootSplash.storyboard in Resources */ = {isa = PBXBuildFile; fileRef = F9E4235429DC8CE000A8F366 /* BootSplash.storyboard */; };
		F9E4235929E5F45900A8F366 /* db_service.swift in Sources */ = {isa = PBXBuildFile; fileRef = F9E4235729E5F45900A8F366 /* db_service.swift */; };
		F9E4235D29E62B3400A8F366 /* libdb_service_ffi.a in Frameworks */ = {isa = PBXBuildFile; fileRef = F9E4235B29E62B3400A8F366 /* libdb_service_ffi.a */; };
/* End PBXBuildFile section */

/* Begin PBXContainerItemProxy section */
		00E356F41AD99517003FC87E /* PBXContainerItemProxy */ = {
			isa = PBXContainerItemProxy;
			containerPortal = 83CBB9F71A601CBA00E9B192 /* Project object */;
			proxyType = 1;
			remoteGlobalIDString = 13B07F861A680F5B00A75B9A;
			remoteInfo = OneKeePassMobile;
		};
/* End PBXContainerItemProxy section */

/* Begin PBXFileReference section */
		00E356EE1AD99517003FC87E /* OneKeePassMobileTests.xctest */ = {isa = PBXFileReference; explicitFileType = wrapper.cfbundle; includeInIndex = 0; path = OneKeePassMobileTests.xctest; sourceTree = BUILT_PRODUCTS_DIR; };
		00E356F11AD99517003FC87E /* Info.plist */ = {isa = PBXFileReference; lastKnownFileType = text.plist.xml; path = Info.plist; sourceTree = "<group>"; };
		00E356F21AD99517003FC87E /* OneKeePassMobileTests.m */ = {isa = PBXFileReference; lastKnownFileType = sourcecode.c.objc; path = OneKeePassMobileTests.m; sourceTree = "<group>"; };
		13B07F961A680F5B00A75B9A /* OneKeePassMobile.app */ = {isa = PBXFileReference; explicitFileType = wrapper.application; includeInIndex = 0; path = OneKeePassMobile.app; sourceTree = BUILT_PRODUCTS_DIR; };
		13B07FB51A68108700A75B9A /* Images.xcassets */ = {isa = PBXFileReference; lastKnownFileType = folder.assetcatalog; name = Images.xcassets; path = OneKeePassMobile/Images.xcassets; sourceTree = "<group>"; };
		13B07FB61A68108700A75B9A /* Info.plist */ = {isa = PBXFileReference; fileEncoding = 4; lastKnownFileType = text.plist.xml; name = Info.plist; path = OneKeePassMobile/Info.plist; sourceTree = "<group>"; };
		19F6CBCC0A4E27FBF8BF4A61 /* libPods-OneKeePassMobile-OneKeePassMobileTests.a */ = {isa = PBXFileReference; explicitFileType = archive.ar; includeInIndex = 0; path = "libPods-OneKeePassMobile-OneKeePassMobileTests.a"; sourceTree = BUILT_PRODUCTS_DIR; };
		3B4392A12AC88292D35C810B /* Pods-OneKeePassMobile.debug.xcconfig */ = {isa = PBXFileReference; includeInIndex = 1; lastKnownFileType = text.xcconfig; name = "Pods-OneKeePassMobile.debug.xcconfig"; path = "Target Support Files/Pods-OneKeePassMobile/Pods-OneKeePassMobile.debug.xcconfig"; sourceTree = "<group>"; };
		5709B34CF0A7D63546082F79 /* Pods-OneKeePassMobile.release.xcconfig */ = {isa = PBXFileReference; includeInIndex = 1; lastKnownFileType = text.xcconfig; name = "Pods-OneKeePassMobile.release.xcconfig"; path = "Target Support Files/Pods-OneKeePassMobile/Pods-OneKeePassMobile.release.xcconfig"; sourceTree = "<group>"; };
		5B7EB9410499542E8C5724F5 /* Pods-OneKeePassMobile-OneKeePassMobileTests.debug.xcconfig */ = {isa = PBXFileReference; includeInIndex = 1; lastKnownFileType = text.xcconfig; name = "Pods-OneKeePassMobile-OneKeePassMobileTests.debug.xcconfig"; path = "Target Support Files/Pods-OneKeePassMobile-OneKeePassMobileTests/Pods-OneKeePassMobile-OneKeePassMobileTests.debug.xcconfig"; sourceTree = "<group>"; };
		5DCACB8F33CDC322A6C60F78 /* libPods-OneKeePassMobile.a */ = {isa = PBXFileReference; explicitFileType = archive.ar; includeInIndex = 0; path = "libPods-OneKeePassMobile.a"; sourceTree = BUILT_PRODUCTS_DIR; };
		81AB9BB72411601600AC10FF /* LaunchScreen.storyboard */ = {isa = PBXFileReference; fileEncoding = 4; lastKnownFileType = file.storyboard; name = LaunchScreen.storyboard; path = OneKeePassMobile/LaunchScreen.storyboard; sourceTree = "<group>"; };
		89C6BE57DB24E9ADA2F236DE /* Pods-OneKeePassMobile-OneKeePassMobileTests.release.xcconfig */ = {isa = PBXFileReference; includeInIndex = 1; lastKnownFileType = text.xcconfig; name = "Pods-OneKeePassMobile-OneKeePassMobileTests.release.xcconfig"; path = "Target Support Files/Pods-OneKeePassMobile-OneKeePassMobileTests/Pods-OneKeePassMobile-OneKeePassMobileTests.release.xcconfig"; sourceTree = "<group>"; };
		ED297162215061F000B7C4FE /* JavaScriptCore.framework */ = {isa = PBXFileReference; lastKnownFileType = wrapper.framework; name = JavaScriptCore.framework; path = System/Library/Frameworks/JavaScriptCore.framework; sourceTree = SDKROOT; };
		F90DF3742A466FF00041F9F5 /* SecureKeyService.swift */ = {isa = PBXFileReference; lastKnownFileType = sourcecode.swift; path = SecureKeyService.swift; sourceTree = "<group>"; };
		F92CB0FE28FDCABF00A79F60 /* OkpDocumentPickerServiceBridge.m */ = {isa = PBXFileReference; lastKnownFileType = sourcecode.c.objc; path = OkpDocumentPickerServiceBridge.m; sourceTree = "<group>"; };
		F92CB10028FDCBC400A79F60 /* OkpDocumentPickerService.swift */ = {isa = PBXFileReference; lastKnownFileType = sourcecode.swift; path = OkpDocumentPickerService.swift; sourceTree = "<group>"; };
		F92CB10228FF7A7500A79F60 /* DbServiceAPI.swift */ = {isa = PBXFileReference; lastKnownFileType = sourcecode.swift; path = DbServiceAPI.swift; sourceTree = "<group>"; };
		F94CD9A82AE7360B00649D28 /* libbotan-3.a */ = {isa = PBXFileReference; lastKnownFileType = archive.ar; name = "libbotan-3.a"; path = "OneKeePassMobile/DbServiceFFILib/libbotan-3.a"; sourceTree = "<group>"; };
		F969C3EF28D4C8D90020FA62 /* OkpDbService.swift */ = {isa = PBXFileReference; fileEncoding = 4; lastKnownFileType = sourcecode.swift; path = OkpDbService.swift; sourceTree = "<group>"; };
		F969C3F028D4C8D90020FA62 /* OkpDbServiceBridge.m */ = {isa = PBXFileReference; fileEncoding = 4; lastKnownFileType = sourcecode.c.objc; path = OkpDbServiceBridge.m; sourceTree = "<group>"; };
		F969C3F528D4CC570020FA62 /* OneKeePassMobile-Bridging-Header.h */ = {isa = PBXFileReference; fileEncoding = 4; lastKnownFileType = sourcecode.c.h; path = "OneKeePassMobile-Bridging-Header.h"; sourceTree = "<group>"; };
		F9AD1B6629B63B6C00BED32A /* SceneDelegate.swift */ = {isa = PBXFileReference; lastKnownFileType = sourcecode.swift; name = SceneDelegate.swift; path = OneKeePassMobile/SceneDelegate.swift; sourceTree = "<group>"; };
		F9AD1B6A29B78F1100BED32A /* AppDelegate.swift */ = {isa = PBXFileReference; lastKnownFileType = sourcecode.swift; name = AppDelegate.swift; path = OneKeePassMobile/AppDelegate.swift; sourceTree = "<group>"; };
		F9AE2F3E290440380013D9AB /* OkpLogger.swift */ = {isa = PBXFileReference; fileEncoding = 4; lastKnownFileType = sourcecode.swift; path = OkpLogger.swift; sourceTree = "<group>"; };
		F9AE2F3F290440380013D9AB /* FileUtils.swift */ = {isa = PBXFileReference; fileEncoding = 4; lastKnownFileType = sourcecode.swift; path = FileUtils.swift; sourceTree = "<group>"; };
		F9C4D29629AFE1CE00B83DEB /* OkpEvents.swift */ = {isa = PBXFileReference; lastKnownFileType = sourcecode.swift; path = OkpEvents.swift; sourceTree = "<group>"; };
		F9C4D29829AFEC8A00B83DEB /* OkpEventsBridge.m */ = {isa = PBXFileReference; lastKnownFileType = sourcecode.c.objc; path = OkpEventsBridge.m; sourceTree = "<group>"; };
		F9C4D29A29B11B1600B83DEB /* OkpExport.swift */ = {isa = PBXFileReference; lastKnownFileType = sourcecode.swift; path = OkpExport.swift; sourceTree = "<group>"; };
		F9C4D29C29B11BAF00B83DEB /* OkpExportBridge.m */ = {isa = PBXFileReference; lastKnownFileType = sourcecode.c.objc; path = OkpExportBridge.m; sourceTree = "<group>"; };
		F9CD349A28E2AABB00B6C59C /* FontAwesome.ttf */ = {isa = PBXFileReference; lastKnownFileType = file; name = FontAwesome.ttf; path = "../node_modules/react-native-vector-icons/Fonts/FontAwesome.ttf"; sourceTree = "<group>"; };
		F9CD349B28E2AABB00B6C59C /* Feather.ttf */ = {isa = PBXFileReference; lastKnownFileType = file; name = Feather.ttf; path = "../node_modules/react-native-vector-icons/Fonts/Feather.ttf"; sourceTree = "<group>"; };
		F9CD349C28E2AABC00B6C59C /* EvilIcons.ttf */ = {isa = PBXFileReference; lastKnownFileType = file; name = EvilIcons.ttf; path = "../node_modules/react-native-vector-icons/Fonts/EvilIcons.ttf"; sourceTree = "<group>"; };
		F9CD349D28E2AABC00B6C59C /* MaterialCommunityIcons.ttf */ = {isa = PBXFileReference; lastKnownFileType = file; name = MaterialCommunityIcons.ttf; path = "../node_modules/react-native-vector-icons/Fonts/MaterialCommunityIcons.ttf"; sourceTree = "<group>"; };
		F9CD349E28E2AABC00B6C59C /* AntDesign.ttf */ = {isa = PBXFileReference; lastKnownFileType = file; name = AntDesign.ttf; path = "../node_modules/react-native-vector-icons/Fonts/AntDesign.ttf"; sourceTree = "<group>"; };
		F9CD349F28E2AABC00B6C59C /* SimpleLineIcons.ttf */ = {isa = PBXFileReference; lastKnownFileType = file; name = SimpleLineIcons.ttf; path = "../node_modules/react-native-vector-icons/Fonts/SimpleLineIcons.ttf"; sourceTree = "<group>"; };
		F9CD34A028E2AABC00B6C59C /* Foundation.ttf */ = {isa = PBXFileReference; lastKnownFileType = file; name = Foundation.ttf; path = "../node_modules/react-native-vector-icons/Fonts/Foundation.ttf"; sourceTree = "<group>"; };
		F9CD34A128E2AABC00B6C59C /* Ionicons.ttf */ = {isa = PBXFileReference; lastKnownFileType = file; name = Ionicons.ttf; path = "../node_modules/react-native-vector-icons/Fonts/Ionicons.ttf"; sourceTree = "<group>"; };
		F9CD34A228E2AABC00B6C59C /* MaterialIcons.ttf */ = {isa = PBXFileReference; lastKnownFileType = file; name = MaterialIcons.ttf; path = "../node_modules/react-native-vector-icons/Fonts/MaterialIcons.ttf"; sourceTree = "<group>"; };
		F9CD34A328E2AABC00B6C59C /* Fontisto.ttf */ = {isa = PBXFileReference; lastKnownFileType = file; name = Fontisto.ttf; path = "../node_modules/react-native-vector-icons/Fonts/Fontisto.ttf"; sourceTree = "<group>"; };
		F9CD34A428E2AABC00B6C59C /* Entypo.ttf */ = {isa = PBXFileReference; lastKnownFileType = file; name = Entypo.ttf; path = "../node_modules/react-native-vector-icons/Fonts/Entypo.ttf"; sourceTree = "<group>"; };
		F9CD34A528E2AABC00B6C59C /* Zocial.ttf */ = {isa = PBXFileReference; lastKnownFileType = file; name = Zocial.ttf; path = "../node_modules/react-native-vector-icons/Fonts/Zocial.ttf"; sourceTree = "<group>"; };
		F9CD34A628E2AABC00B6C59C /* FontAwesome5_Brands.ttf */ = {isa = PBXFileReference; lastKnownFileType = file; name = FontAwesome5_Brands.ttf; path = "../node_modules/react-native-vector-icons/Fonts/FontAwesome5_Brands.ttf"; sourceTree = "<group>"; };
		F9CD34A728E2AABC00B6C59C /* FontAwesome5_Solid.ttf */ = {isa = PBXFileReference; lastKnownFileType = file; name = FontAwesome5_Solid.ttf; path = "../node_modules/react-native-vector-icons/Fonts/FontAwesome5_Solid.ttf"; sourceTree = "<group>"; };
		F9CD34A828E2AABC00B6C59C /* FontAwesome5_Regular.ttf */ = {isa = PBXFileReference; lastKnownFileType = file; name = FontAwesome5_Regular.ttf; path = "../node_modules/react-native-vector-icons/Fonts/FontAwesome5_Regular.ttf"; sourceTree = "<group>"; };
		F9CD34A928E2AABC00B6C59C /* Octicons.ttf */ = {isa = PBXFileReference; lastKnownFileType = file; name = Octicons.ttf; path = "../node_modules/react-native-vector-icons/Fonts/Octicons.ttf"; sourceTree = "<group>"; };
		F9D88148291430B500467986 /* OkpError.swift */ = {isa = PBXFileReference; lastKnownFileType = sourcecode.swift; path = OkpError.swift; sourceTree = "<group>"; };
		F9E4235429DC8CE000A8F366 /* BootSplash.storyboard */ = {isa = PBXFileReference; fileEncoding = 4; lastKnownFileType = file.storyboard; name = BootSplash.storyboard; path = OneKeePassMobile/BootSplash.storyboard; sourceTree = "<group>"; };
		F9E4235729E5F45900A8F366 /* db_service.swift */ = {isa = PBXFileReference; fileEncoding = 4; lastKnownFileType = sourcecode.swift; path = db_service.swift; sourceTree = "<group>"; };
		F9E4235829E5F45900A8F366 /* db_serviceFFI.h */ = {isa = PBXFileReference; fileEncoding = 4; lastKnownFileType = sourcecode.c.h; path = db_serviceFFI.h; sourceTree = "<group>"; };
		F9E4235B29E62B3400A8F366 /* libdb_service_ffi.a */ = {isa = PBXFileReference; lastKnownFileType = archive.ar; path = libdb_service_ffi.a; sourceTree = "<group>"; };
/* End PBXFileReference section */

/* Begin PBXFrameworksBuildPhase section */
		00E356EB1AD99517003FC87E /* Frameworks */ = {
			isa = PBXFrameworksBuildPhase;
			buildActionMask = 2147483647;
			files = (
				7699B88040F8A987B510C191 /* libPods-OneKeePassMobile-OneKeePassMobileTests.a in Frameworks */,
			);
			runOnlyForDeploymentPostprocessing = 0;
		};
		13B07F8C1A680F5B00A75B9A /* Frameworks */ = {
			isa = PBXFrameworksBuildPhase;
			buildActionMask = 2147483647;
			files = (
				0C80B921A6F3F58F76C31292 /* libPods-OneKeePassMobile.a in Frameworks */,
				F94CD9A92AE7364E00649D28 /* libbotan-3.a in Frameworks */,
				F9E4235D29E62B3400A8F366 /* libdb_service_ffi.a in Frameworks */,
			);
			runOnlyForDeploymentPostprocessing = 0;
		};
/* End PBXFrameworksBuildPhase section */

/* Begin PBXGroup section */
		00E356EF1AD99517003FC87E /* OneKeePassMobileTests */ = {
			isa = PBXGroup;
			children = (
				00E356F21AD99517003FC87E /* OneKeePassMobileTests.m */,
				00E356F01AD99517003FC87E /* Supporting Files */,
			);
			path = OneKeePassMobileTests;
			sourceTree = "<group>";
		};
		00E356F01AD99517003FC87E /* Supporting Files */ = {
			isa = PBXGroup;
			children = (
				00E356F11AD99517003FC87E /* Info.plist */,
			);
			name = "Supporting Files";
			sourceTree = "<group>";
		};
		13B07FAE1A68108700A75B9A /* OneKeePassMobile */ = {
			isa = PBXGroup;
			children = (
				F9E4235A29E62B3400A8F366 /* DbServiceFFILib */,
				F9E4235629E5F39000A8F366 /* DbServiceFFI */,
				F9E4235429DC8CE000A8F366 /* BootSplash.storyboard */,
				F9AE2F3D290440380013D9AB /* Utils */,
				F9AE2F3729043D970013D9AB /* RnModules */,
				F9CD349928E2AA8F00B6C59C /* Fonts */,
				F969C3F528D4CC570020FA62 /* OneKeePassMobile-Bridging-Header.h */,
				13B07FB51A68108700A75B9A /* Images.xcassets */,
				13B07FB61A68108700A75B9A /* Info.plist */,
				81AB9BB72411601600AC10FF /* LaunchScreen.storyboard */,
				F9AD1B6629B63B6C00BED32A /* SceneDelegate.swift */,
				F9AD1B6A29B78F1100BED32A /* AppDelegate.swift */,
			);
			name = OneKeePassMobile;
			sourceTree = "<group>";
		};
		2D16E6871FA4F8E400B85C8A /* Frameworks */ = {
			isa = PBXGroup;
			children = (
				F94CD9A82AE7360B00649D28 /* libbotan-3.a */,
				ED297162215061F000B7C4FE /* JavaScriptCore.framework */,
				5DCACB8F33CDC322A6C60F78 /* libPods-OneKeePassMobile.a */,
				19F6CBCC0A4E27FBF8BF4A61 /* libPods-OneKeePassMobile-OneKeePassMobileTests.a */,
			);
			name = Frameworks;
			sourceTree = "<group>";
		};
		832341AE1AAA6A7D00B99B32 /* Libraries */ = {
			isa = PBXGroup;
			children = (
			);
			name = Libraries;
			sourceTree = "<group>";
		};
		83CBB9F61A601CBA00E9B192 = {
			isa = PBXGroup;
			children = (
				13B07FAE1A68108700A75B9A /* OneKeePassMobile */,
				832341AE1AAA6A7D00B99B32 /* Libraries */,
				00E356EF1AD99517003FC87E /* OneKeePassMobileTests */,
				83CBBA001A601CBA00E9B192 /* Products */,
				2D16E6871FA4F8E400B85C8A /* Frameworks */,
				BBD78D7AC51CEA395F1C20DB /* Pods */,
			);
			indentWidth = 2;
			sourceTree = "<group>";
			tabWidth = 2;
			usesTabs = 0;
		};
		83CBBA001A601CBA00E9B192 /* Products */ = {
			isa = PBXGroup;
			children = (
				13B07F961A680F5B00A75B9A /* OneKeePassMobile.app */,
				00E356EE1AD99517003FC87E /* OneKeePassMobileTests.xctest */,
			);
			name = Products;
			sourceTree = "<group>";
		};
		BBD78D7AC51CEA395F1C20DB /* Pods */ = {
			isa = PBXGroup;
			children = (
				3B4392A12AC88292D35C810B /* Pods-OneKeePassMobile.debug.xcconfig */,
				5709B34CF0A7D63546082F79 /* Pods-OneKeePassMobile.release.xcconfig */,
				5B7EB9410499542E8C5724F5 /* Pods-OneKeePassMobile-OneKeePassMobileTests.debug.xcconfig */,
				89C6BE57DB24E9ADA2F236DE /* Pods-OneKeePassMobile-OneKeePassMobileTests.release.xcconfig */,
			);
			path = Pods;
			sourceTree = "<group>";
		};
		F9AE2F3729043D970013D9AB /* RnModules */ = {
			isa = PBXGroup;
			children = (
				F969C3EF28D4C8D90020FA62 /* OkpDbService.swift */,
				F969C3F028D4C8D90020FA62 /* OkpDbServiceBridge.m */,
				F92CB0FE28FDCABF00A79F60 /* OkpDocumentPickerServiceBridge.m */,
				F92CB10028FDCBC400A79F60 /* OkpDocumentPickerService.swift */,
				F9D88148291430B500467986 /* OkpError.swift */,
				F9C4D29629AFE1CE00B83DEB /* OkpEvents.swift */,
				F9C4D29829AFEC8A00B83DEB /* OkpEventsBridge.m */,
				F9C4D29A29B11B1600B83DEB /* OkpExport.swift */,
				F9C4D29C29B11BAF00B83DEB /* OkpExportBridge.m */,
			);
			name = RnModules;
			path = OneKeePassMobile/RnModules;
			sourceTree = "<group>";
		};
		F9AE2F3D290440380013D9AB /* Utils */ = {
			isa = PBXGroup;
			children = (
				F92CB10228FF7A7500A79F60 /* DbServiceAPI.swift */,
				F9AE2F3E290440380013D9AB /* OkpLogger.swift */,
				F9AE2F3F290440380013D9AB /* FileUtils.swift */,
				F90DF3742A466FF00041F9F5 /* SecureKeyService.swift */,
			);
			name = Utils;
			path = OneKeePassMobile/Utils;
			sourceTree = "<group>";
		};
		F9CD349928E2AA8F00B6C59C /* Fonts */ = {
			isa = PBXGroup;
			children = (
				F9CD349E28E2AABC00B6C59C /* AntDesign.ttf */,
				F9CD34A428E2AABC00B6C59C /* Entypo.ttf */,
				F9CD349C28E2AABC00B6C59C /* EvilIcons.ttf */,
				F9CD349B28E2AABB00B6C59C /* Feather.ttf */,
				F9CD349A28E2AABB00B6C59C /* FontAwesome.ttf */,
				F9CD34A628E2AABC00B6C59C /* FontAwesome5_Brands.ttf */,
				F9CD34A828E2AABC00B6C59C /* FontAwesome5_Regular.ttf */,
				F9CD34A728E2AABC00B6C59C /* FontAwesome5_Solid.ttf */,
				F9CD34A328E2AABC00B6C59C /* Fontisto.ttf */,
				F9CD34A028E2AABC00B6C59C /* Foundation.ttf */,
				F9CD34A128E2AABC00B6C59C /* Ionicons.ttf */,
				F9CD349D28E2AABC00B6C59C /* MaterialCommunityIcons.ttf */,
				F9CD34A228E2AABC00B6C59C /* MaterialIcons.ttf */,
				F9CD34A928E2AABC00B6C59C /* Octicons.ttf */,
				F9CD349F28E2AABC00B6C59C /* SimpleLineIcons.ttf */,
				F9CD34A528E2AABC00B6C59C /* Zocial.ttf */,
			);
			name = Fonts;
			sourceTree = "<group>";
		};
		F9E4235629E5F39000A8F366 /* DbServiceFFI */ = {
			isa = PBXGroup;
			children = (
				F9E4235729E5F45900A8F366 /* db_service.swift */,
				F9E4235829E5F45900A8F366 /* db_serviceFFI.h */,
			);
			name = DbServiceFFI;
			path = OneKeePassMobile/DbServiceFFI;
			sourceTree = "<group>";
		};
		F9E4235A29E62B3400A8F366 /* DbServiceFFILib */ = {
			isa = PBXGroup;
			children = (
				F9E4235B29E62B3400A8F366 /* libdb_service_ffi.a */,
			);
			name = DbServiceFFILib;
			path = OneKeePassMobile/DbServiceFFILib;
			sourceTree = "<group>";
		};
/* End PBXGroup section */

/* Begin PBXNativeTarget section */
		00E356ED1AD99517003FC87E /* OneKeePassMobileTests */ = {
			isa = PBXNativeTarget;
			buildConfigurationList = 00E357021AD99517003FC87E /* Build configuration list for PBXNativeTarget "OneKeePassMobileTests" */;
			buildPhases = (
				A55EABD7B0C7F3A422A6CC61 /* [CP] Check Pods Manifest.lock */,
				00E356EA1AD99517003FC87E /* Sources */,
				00E356EB1AD99517003FC87E /* Frameworks */,
				00E356EC1AD99517003FC87E /* Resources */,
				C59DA0FBD6956966B86A3779 /* [CP] Embed Pods Frameworks */,
				F6A41C54EA430FDDC6A6ED99 /* [CP] Copy Pods Resources */,
			);
			buildRules = (
			);
			dependencies = (
				00E356F51AD99517003FC87E /* PBXTargetDependency */,
			);
			name = OneKeePassMobileTests;
			productName = OneKeePassMobileTests;
			productReference = 00E356EE1AD99517003FC87E /* OneKeePassMobileTests.xctest */;
			productType = "com.apple.product-type.bundle.unit-test";
		};
		13B07F861A680F5B00A75B9A /* OneKeePassMobile */ = {
			isa = PBXNativeTarget;
			buildConfigurationList = 13B07F931A680F5B00A75B9A /* Build configuration list for PBXNativeTarget "OneKeePassMobile" */;
			buildPhases = (
				C38B50BA6285516D6DCD4F65 /* [CP] Check Pods Manifest.lock */,
				FD10A7F022414F080027D42C /* Start Packager */,
				13B07F871A680F5B00A75B9A /* Sources */,
				13B07F8C1A680F5B00A75B9A /* Frameworks */,
				13B07F8E1A680F5B00A75B9A /* Resources */,
				00DD1BFF1BD5951E006B06BC /* Bundle React Native code and images */,
				00EEFC60759A1932668264C0 /* [CP] Embed Pods Frameworks */,
				E235C05ADACE081382539298 /* [CP] Copy Pods Resources */,
			);
			buildRules = (
			);
			dependencies = (
			);
			name = OneKeePassMobile;
			productName = OneKeePassMobile;
			productReference = 13B07F961A680F5B00A75B9A /* OneKeePassMobile.app */;
			productType = "com.apple.product-type.application";
		};
/* End PBXNativeTarget section */

/* Begin PBXProject section */
		83CBB9F71A601CBA00E9B192 /* Project object */ = {
			isa = PBXProject;
			attributes = {
				LastUpgradeCheck = 1210;
				TargetAttributes = {
					00E356ED1AD99517003FC87E = {
						CreatedOnToolsVersion = 6.2;
						TestTargetID = 13B07F861A680F5B00A75B9A;
					};
					13B07F861A680F5B00A75B9A = {
						LastSwiftMigration = 1400;
					};
				};
			};
			buildConfigurationList = 83CBB9FA1A601CBA00E9B192 /* Build configuration list for PBXProject "OneKeePassMobile" */;
			compatibilityVersion = "Xcode 12.0";
			developmentRegion = en;
			hasScannedForEncodings = 0;
			knownRegions = (
				en,
				Base,
			);
			mainGroup = 83CBB9F61A601CBA00E9B192;
			productRefGroup = 83CBBA001A601CBA00E9B192 /* Products */;
			projectDirPath = "";
			projectRoot = "";
			targets = (
				13B07F861A680F5B00A75B9A /* OneKeePassMobile */,
				00E356ED1AD99517003FC87E /* OneKeePassMobileTests */,
			);
		};
/* End PBXProject section */

/* Begin PBXResourcesBuildPhase section */
		00E356EC1AD99517003FC87E /* Resources */ = {
			isa = PBXResourcesBuildPhase;
			buildActionMask = 2147483647;
			files = (
			);
			runOnlyForDeploymentPostprocessing = 0;
		};
		13B07F8E1A680F5B00A75B9A /* Resources */ = {
			isa = PBXResourcesBuildPhase;
			buildActionMask = 2147483647;
			files = (
				F9CD34B428E2AABC00B6C59C /* Entypo.ttf in Resources */,
				F9CD34B028E2AABC00B6C59C /* Foundation.ttf in Resources */,
				F9CD34B128E2AABC00B6C59C /* Ionicons.ttf in Resources */,
				F9CD34AD28E2AABC00B6C59C /* MaterialCommunityIcons.ttf in Resources */,
				F9CD34AC28E2AABC00B6C59C /* EvilIcons.ttf in Resources */,
				F9CD34B828E2AABC00B6C59C /* FontAwesome5_Regular.ttf in Resources */,
				81AB9BB82411601600AC10FF /* LaunchScreen.storyboard in Resources */,
				F9CD34B528E2AABC00B6C59C /* Zocial.ttf in Resources */,
				F9CD34AB28E2AABC00B6C59C /* Feather.ttf in Resources */,
				F9CD34B628E2AABC00B6C59C /* FontAwesome5_Brands.ttf in Resources */,
				F9CD34AF28E2AABC00B6C59C /* SimpleLineIcons.ttf in Resources */,
				F9CD34B328E2AABC00B6C59C /* Fontisto.ttf in Resources */,
				F9CD34B228E2AABC00B6C59C /* MaterialIcons.ttf in Resources */,
				13B07FBF1A68108700A75B9A /* Images.xcassets in Resources */,
				F9E4235529DC8CE000A8F366 /* BootSplash.storyboard in Resources */,
				F9CD34AE28E2AABC00B6C59C /* AntDesign.ttf in Resources */,
				F9CD34B928E2AABC00B6C59C /* Octicons.ttf in Resources */,
				F9CD34AA28E2AABC00B6C59C /* FontAwesome.ttf in Resources */,
				F9CD34B728E2AABC00B6C59C /* FontAwesome5_Solid.ttf in Resources */,
			);
			runOnlyForDeploymentPostprocessing = 0;
		};
/* End PBXResourcesBuildPhase section */

/* Begin PBXShellScriptBuildPhase section */
		00DD1BFF1BD5951E006B06BC /* Bundle React Native code and images */ = {
			isa = PBXShellScriptBuildPhase;
			buildActionMask = 2147483647;
			files = (
			);
			inputPaths = (
				"$(SRCROOT)/.xcode.env.local",
				"$(SRCROOT)/.xcode.env",
			);
			name = "Bundle React Native code and images";
			outputPaths = (
			);
			runOnlyForDeploymentPostprocessing = 0;
			shellPath = /bin/sh;
			shellScript = "set -e\n\nWITH_ENVIRONMENT=\"../node_modules/react-native/scripts/xcode/with-environment.sh\"\nREACT_NATIVE_XCODE=\"../node_modules/react-native/scripts/react-native-xcode.sh\"\n\n/bin/sh -c \"$WITH_ENVIRONMENT $REACT_NATIVE_XCODE\"\n";
		};
		00EEFC60759A1932668264C0 /* [CP] Embed Pods Frameworks */ = {
			isa = PBXShellScriptBuildPhase;
			buildActionMask = 2147483647;
			files = (
			);
			inputFileListPaths = (
				"${PODS_ROOT}/Target Support Files/Pods-OneKeePassMobile/Pods-OneKeePassMobile-frameworks-${CONFIGURATION}-input-files.xcfilelist",
			);
			name = "[CP] Embed Pods Frameworks";
			outputFileListPaths = (
				"${PODS_ROOT}/Target Support Files/Pods-OneKeePassMobile/Pods-OneKeePassMobile-frameworks-${CONFIGURATION}-output-files.xcfilelist",
			);
			runOnlyForDeploymentPostprocessing = 0;
			shellPath = /bin/sh;
			shellScript = "\"${PODS_ROOT}/Target Support Files/Pods-OneKeePassMobile/Pods-OneKeePassMobile-frameworks.sh\"\n";
			showEnvVarsInLog = 0;
		};
		A55EABD7B0C7F3A422A6CC61 /* [CP] Check Pods Manifest.lock */ = {
			isa = PBXShellScriptBuildPhase;
			buildActionMask = 2147483647;
			files = (
			);
			inputFileListPaths = (
			);
			inputPaths = (
				"${PODS_PODFILE_DIR_PATH}/Podfile.lock",
				"${PODS_ROOT}/Manifest.lock",
			);
			name = "[CP] Check Pods Manifest.lock";
			outputFileListPaths = (
			);
			outputPaths = (
				"$(DERIVED_FILE_DIR)/Pods-OneKeePassMobile-OneKeePassMobileTests-checkManifestLockResult.txt",
			);
			runOnlyForDeploymentPostprocessing = 0;
			shellPath = /bin/sh;
			shellScript = "diff \"${PODS_PODFILE_DIR_PATH}/Podfile.lock\" \"${PODS_ROOT}/Manifest.lock\" > /dev/null\nif [ $? != 0 ] ; then\n    # print error to STDERR\n    echo \"error: The sandbox is not in sync with the Podfile.lock. Run 'pod install' or update your CocoaPods installation.\" >&2\n    exit 1\nfi\n# This output is used by Xcode 'outputs' to avoid re-running this script phase.\necho \"SUCCESS\" > \"${SCRIPT_OUTPUT_FILE_0}\"\n";
			showEnvVarsInLog = 0;
		};
		C38B50BA6285516D6DCD4F65 /* [CP] Check Pods Manifest.lock */ = {
			isa = PBXShellScriptBuildPhase;
			buildActionMask = 2147483647;
			files = (
			);
			inputFileListPaths = (
			);
			inputPaths = (
				"${PODS_PODFILE_DIR_PATH}/Podfile.lock",
				"${PODS_ROOT}/Manifest.lock",
			);
			name = "[CP] Check Pods Manifest.lock";
			outputFileListPaths = (
			);
			outputPaths = (
				"$(DERIVED_FILE_DIR)/Pods-OneKeePassMobile-checkManifestLockResult.txt",
			);
			runOnlyForDeploymentPostprocessing = 0;
			shellPath = /bin/sh;
			shellScript = "diff \"${PODS_PODFILE_DIR_PATH}/Podfile.lock\" \"${PODS_ROOT}/Manifest.lock\" > /dev/null\nif [ $? != 0 ] ; then\n    # print error to STDERR\n    echo \"error: The sandbox is not in sync with the Podfile.lock. Run 'pod install' or update your CocoaPods installation.\" >&2\n    exit 1\nfi\n# This output is used by Xcode 'outputs' to avoid re-running this script phase.\necho \"SUCCESS\" > \"${SCRIPT_OUTPUT_FILE_0}\"\n";
			showEnvVarsInLog = 0;
		};
		C59DA0FBD6956966B86A3779 /* [CP] Embed Pods Frameworks */ = {
			isa = PBXShellScriptBuildPhase;
			buildActionMask = 2147483647;
			files = (
			);
			inputFileListPaths = (
				"${PODS_ROOT}/Target Support Files/Pods-OneKeePassMobile-OneKeePassMobileTests/Pods-OneKeePassMobile-OneKeePassMobileTests-frameworks-${CONFIGURATION}-input-files.xcfilelist",
			);
			name = "[CP] Embed Pods Frameworks";
			outputFileListPaths = (
				"${PODS_ROOT}/Target Support Files/Pods-OneKeePassMobile-OneKeePassMobileTests/Pods-OneKeePassMobile-OneKeePassMobileTests-frameworks-${CONFIGURATION}-output-files.xcfilelist",
			);
			runOnlyForDeploymentPostprocessing = 0;
			shellPath = /bin/sh;
			shellScript = "\"${PODS_ROOT}/Target Support Files/Pods-OneKeePassMobile-OneKeePassMobileTests/Pods-OneKeePassMobile-OneKeePassMobileTests-frameworks.sh\"\n";
			showEnvVarsInLog = 0;
		};
		E235C05ADACE081382539298 /* [CP] Copy Pods Resources */ = {
			isa = PBXShellScriptBuildPhase;
			buildActionMask = 2147483647;
			files = (
			);
			inputFileListPaths = (
				"${PODS_ROOT}/Target Support Files/Pods-OneKeePassMobile/Pods-OneKeePassMobile-resources-${CONFIGURATION}-input-files.xcfilelist",
			);
			name = "[CP] Copy Pods Resources";
			outputFileListPaths = (
				"${PODS_ROOT}/Target Support Files/Pods-OneKeePassMobile/Pods-OneKeePassMobile-resources-${CONFIGURATION}-output-files.xcfilelist",
			);
			runOnlyForDeploymentPostprocessing = 0;
			shellPath = /bin/sh;
			shellScript = "\"${PODS_ROOT}/Target Support Files/Pods-OneKeePassMobile/Pods-OneKeePassMobile-resources.sh\"\n";
			showEnvVarsInLog = 0;
		};
		F6A41C54EA430FDDC6A6ED99 /* [CP] Copy Pods Resources */ = {
			isa = PBXShellScriptBuildPhase;
			buildActionMask = 2147483647;
			files = (
			);
			inputFileListPaths = (
				"${PODS_ROOT}/Target Support Files/Pods-OneKeePassMobile-OneKeePassMobileTests/Pods-OneKeePassMobile-OneKeePassMobileTests-resources-${CONFIGURATION}-input-files.xcfilelist",
			);
			name = "[CP] Copy Pods Resources";
			outputFileListPaths = (
				"${PODS_ROOT}/Target Support Files/Pods-OneKeePassMobile-OneKeePassMobileTests/Pods-OneKeePassMobile-OneKeePassMobileTests-resources-${CONFIGURATION}-output-files.xcfilelist",
			);
			runOnlyForDeploymentPostprocessing = 0;
			shellPath = /bin/sh;
			shellScript = "\"${PODS_ROOT}/Target Support Files/Pods-OneKeePassMobile-OneKeePassMobileTests/Pods-OneKeePassMobile-OneKeePassMobileTests-resources.sh\"\n";
			showEnvVarsInLog = 0;
		};
		FD10A7F022414F080027D42C /* Start Packager */ = {
			isa = PBXShellScriptBuildPhase;
			buildActionMask = 2147483647;
			files = (
			);
			inputFileListPaths = (
			);
			inputPaths = (
			);
			name = "Start Packager";
			outputFileListPaths = (
			);
			outputPaths = (
			);
			runOnlyForDeploymentPostprocessing = 0;
			shellPath = /bin/sh;
			shellScript = "export RCT_METRO_PORT=\"${RCT_METRO_PORT:=8081}\"\necho \"export RCT_METRO_PORT=${RCT_METRO_PORT}\" > \"${SRCROOT}/../node_modules/react-native/scripts/.packager.env\"\nif [ -z \"${RCT_NO_LAUNCH_PACKAGER+xxx}\" ] ; then\n  if nc -w 5 -z localhost ${RCT_METRO_PORT} ; then\n    if ! curl -s \"http://localhost:${RCT_METRO_PORT}/status\" | grep -q \"packager-status:running\" ; then\n      echo \"Port ${RCT_METRO_PORT} already in use, packager is either not running or not running correctly\"\n      exit 2\n    fi\n  else\n    open \"$SRCROOT/../node_modules/react-native/scripts/launchPackager.command\" || echo \"Can't start packager automatically\"\n  fi\nfi\n";
			showEnvVarsInLog = 0;
		};
/* End PBXShellScriptBuildPhase section */

/* Begin PBXSourcesBuildPhase section */
		00E356EA1AD99517003FC87E /* Sources */ = {
			isa = PBXSourcesBuildPhase;
			buildActionMask = 2147483647;
			files = (
				00E356F31AD99517003FC87E /* OneKeePassMobileTests.m in Sources */,
			);
			runOnlyForDeploymentPostprocessing = 0;
		};
		13B07F871A680F5B00A75B9A /* Sources */ = {
			isa = PBXSourcesBuildPhase;
			buildActionMask = 2147483647;
			files = (
				F92CB0FF28FDCABF00A79F60 /* OkpDocumentPickerServiceBridge.m in Sources */,
				F969C3F228D4C8D90020FA62 /* OkpDbServiceBridge.m in Sources */,
				F90DF3752A466FF00041F9F5 /* SecureKeyService.swift in Sources */,
				F9C4D29D29B11BAF00B83DEB /* OkpExportBridge.m in Sources */,
				F9AE2F40290440380013D9AB /* OkpLogger.swift in Sources */,
				F9C4D29B29B11B1600B83DEB /* OkpExport.swift in Sources */,
				F9AD1B6729B63B6C00BED32A /* SceneDelegate.swift in Sources */,
				F969C3F128D4C8D90020FA62 /* OkpDbService.swift in Sources */,
				F9D88149291430B500467986 /* OkpError.swift in Sources */,
				F9AD1B6B29B78F1200BED32A /* AppDelegate.swift in Sources */,
				F92CB10328FF7A7500A79F60 /* DbServiceAPI.swift in Sources */,
				F9C4D29729AFE1CE00B83DEB /* OkpEvents.swift in Sources */,
				F9C4D29929AFEC8A00B83DEB /* OkpEventsBridge.m in Sources */,
				F9E4235929E5F45900A8F366 /* db_service.swift in Sources */,
				F92CB10128FDCBC400A79F60 /* OkpDocumentPickerService.swift in Sources */,
				F9AE2F41290440380013D9AB /* FileUtils.swift in Sources */,
			);
			runOnlyForDeploymentPostprocessing = 0;
		};
/* End PBXSourcesBuildPhase section */

/* Begin PBXTargetDependency section */
		00E356F51AD99517003FC87E /* PBXTargetDependency */ = {
			isa = PBXTargetDependency;
			target = 13B07F861A680F5B00A75B9A /* OneKeePassMobile */;
			targetProxy = 00E356F41AD99517003FC87E /* PBXContainerItemProxy */;
		};
/* End PBXTargetDependency section */

/* Begin XCBuildConfiguration section */
		00E356F61AD99517003FC87E /* Debug */ = {
			isa = XCBuildConfiguration;
			baseConfigurationReference = 5B7EB9410499542E8C5724F5 /* Pods-OneKeePassMobile-OneKeePassMobileTests.debug.xcconfig */;
			buildSettings = {
				ALWAYS_EMBED_SWIFT_STANDARD_LIBRARIES = YES;
				BUNDLE_LOADER = "$(TEST_HOST)";
				DEVELOPMENT_TEAM = R632HLC6HR;
				GCC_PREPROCESSOR_DEFINITIONS = (
					"DEBUG=1",
					"$(inherited)",
				);
				INFOPLIST_FILE = OneKeePassMobileTests/Info.plist;
				IPHONEOS_DEPLOYMENT_TARGET = 14.0;
				LD_RUNPATH_SEARCH_PATHS = (
					"$(inherited)",
					"@executable_path/Frameworks",
					"@loader_path/Frameworks",
				);
				OTHER_LDFLAGS = (
					"-ObjC",
					"-lc++",
					"$(inherited)",
				);
				PRODUCT_BUNDLE_IDENTIFIER = com.onekeepass.ios;
				PRODUCT_NAME = "$(TARGET_NAME)";
				TEST_HOST = "$(BUILT_PRODUCTS_DIR)/OneKeePassMobile.app/OneKeePassMobile";
			};
			name = Debug;
		};
		00E356F71AD99517003FC87E /* Release */ = {
			isa = XCBuildConfiguration;
			baseConfigurationReference = 89C6BE57DB24E9ADA2F236DE /* Pods-OneKeePassMobile-OneKeePassMobileTests.release.xcconfig */;
			buildSettings = {
				ALWAYS_EMBED_SWIFT_STANDARD_LIBRARIES = YES;
				BUNDLE_LOADER = "$(TEST_HOST)";
				COPY_PHASE_STRIP = NO;
				DEVELOPMENT_TEAM = R632HLC6HR;
				INFOPLIST_FILE = OneKeePassMobileTests/Info.plist;
				IPHONEOS_DEPLOYMENT_TARGET = 14.0;
				LD_RUNPATH_SEARCH_PATHS = (
					"$(inherited)",
					"@executable_path/Frameworks",
					"@loader_path/Frameworks",
				);
				OTHER_LDFLAGS = (
					"-ObjC",
					"-lc++",
					"$(inherited)",
				);
				PRODUCT_BUNDLE_IDENTIFIER = com.onekeepass.ios;
				PRODUCT_NAME = "$(TARGET_NAME)";
				TEST_HOST = "$(BUILT_PRODUCTS_DIR)/OneKeePassMobile.app/OneKeePassMobile";
			};
			name = Release;
		};
		13B07F941A680F5B00A75B9A /* Debug */ = {
			isa = XCBuildConfiguration;
			baseConfigurationReference = 3B4392A12AC88292D35C810B /* Pods-OneKeePassMobile.debug.xcconfig */;
			buildSettings = {
				ASSETCATALOG_COMPILER_APPICON_NAME = AppIcon;
				ASSETCATALOG_COMPILER_INCLUDE_ALL_APPICON_ASSETS = YES;
				CLANG_ENABLE_MODULES = YES;
				CODE_SIGN_IDENTITY = "Apple Development";
				CODE_SIGN_STYLE = Automatic;
				CURRENT_PROJECT_VERSION = 1;
				DEVELOPMENT_TEAM = R632HLC6HR;
				ENABLE_BITCODE = NO;
				INFOPLIST_FILE = OneKeePassMobile/Info.plist;
				INFOPLIST_KEY_LSApplicationCategoryType = "public.app-category.productivity";
				IPHONEOS_DEPLOYMENT_TARGET = 14.0;
				LD_RUNPATH_SEARCH_PATHS = (
					"$(inherited)",
					"@executable_path/Frameworks",
				);
				LIBRARY_SEARCH_PATHS = (
					"$(SDKROOT)/usr/lib/swift",
					"$(inherited)",
					"$(PROJECT_DIR)/OneKeePassMobile/DbServiceFFILib",
				);
				MARKETING_VERSION = 0.8.0;
				OTHER_LDFLAGS = (
					"$(inherited)",
					"-ObjC",
					"-lc++",
				);
				PRODUCT_BUNDLE_IDENTIFIER = com.onekeepass.ios;
				PRODUCT_NAME = OneKeePassMobile;
				PROVISIONING_PROFILE_SPECIFIER = "";
				SUPPORTED_PLATFORMS = "iphoneos iphonesimulator";
				SUPPORTS_MACCATALYST = NO;
				SUPPORTS_MAC_DESIGNED_FOR_IPHONE_IPAD = NO;
				"SWIFT_ACTIVE_COMPILATION_CONDITIONS[arch=*]" = DEBUG;
				SWIFT_OBJC_BRIDGING_HEADER = "OneKeePassMobile-Bridging-Header.h";
				SWIFT_OPTIMIZATION_LEVEL = "-Onone";
				SWIFT_VERSION = 5.0;
				TARGETED_DEVICE_FAMILY = "1,2";
				VERSIONING_SYSTEM = "apple-generic";
			};
			name = Debug;
		};
		13B07F951A680F5B00A75B9A /* Release */ = {
			isa = XCBuildConfiguration;
			baseConfigurationReference = 5709B34CF0A7D63546082F79 /* Pods-OneKeePassMobile.release.xcconfig */;
			buildSettings = {
				ASSETCATALOG_COMPILER_APPICON_NAME = AppIcon;
				ASSETCATALOG_COMPILER_INCLUDE_ALL_APPICON_ASSETS = YES;
				CLANG_ENABLE_MODULES = YES;
				CODE_SIGN_IDENTITY = "Apple Development";
				CODE_SIGN_STYLE = Automatic;
				CURRENT_PROJECT_VERSION = 1;
				DEVELOPMENT_TEAM = R632HLC6HR;
				INFOPLIST_FILE = OneKeePassMobile/Info.plist;
				INFOPLIST_KEY_LSApplicationCategoryType = "public.app-category.productivity";
				IPHONEOS_DEPLOYMENT_TARGET = 14.0;
				LD_RUNPATH_SEARCH_PATHS = (
					"$(inherited)",
					"@executable_path/Frameworks",
				);
				LIBRARY_SEARCH_PATHS = (
					"$(SDKROOT)/usr/lib/swift",
					"$(inherited)",
					"$(PROJECT_DIR)/OneKeePassMobile/DbServiceFFILib",
				);
				MARKETING_VERSION = 0.8.0;
				OTHER_LDFLAGS = (
					"$(inherited)",
					"-ObjC",
					"-lc++",
				);
				PRODUCT_BUNDLE_IDENTIFIER = com.onekeepass.ios;
				PRODUCT_NAME = OneKeePassMobile;
				PROVISIONING_PROFILE_SPECIFIER = "";
				SUPPORTED_PLATFORMS = "iphoneos iphonesimulator";
				SUPPORTS_MACCATALYST = NO;
				SUPPORTS_MAC_DESIGNED_FOR_IPHONE_IPAD = NO;
				SWIFT_OBJC_BRIDGING_HEADER = "OneKeePassMobile-Bridging-Header.h";
				SWIFT_VERSION = 5.0;
				TARGETED_DEVICE_FAMILY = "1,2";
				VERSIONING_SYSTEM = "apple-generic";
			};
			name = Release;
		};
		83CBBA201A601CBA00E9B192 /* Debug */ = {
			isa = XCBuildConfiguration;
			buildSettings = {
				ALWAYS_SEARCH_USER_PATHS = NO;
				CLANG_ANALYZER_LOCALIZABILITY_NONLOCALIZED = YES;
				CLANG_CXX_LANGUAGE_STANDARD = "c++17";
				CLANG_CXX_LIBRARY = "libc++";
				CLANG_ENABLE_MODULES = YES;
				CLANG_ENABLE_OBJC_ARC = YES;
				CLANG_WARN_BLOCK_CAPTURE_AUTORELEASING = YES;
				CLANG_WARN_BOOL_CONVERSION = YES;
				CLANG_WARN_COMMA = YES;
				CLANG_WARN_CONSTANT_CONVERSION = YES;
				CLANG_WARN_DEPRECATED_OBJC_IMPLEMENTATIONS = YES;
				CLANG_WARN_DIRECT_OBJC_ISA_USAGE = YES_ERROR;
				CLANG_WARN_EMPTY_BODY = YES;
				CLANG_WARN_ENUM_CONVERSION = YES;
				CLANG_WARN_INFINITE_RECURSION = YES;
				CLANG_WARN_INT_CONVERSION = YES;
				CLANG_WARN_NON_LITERAL_NULL_CONVERSION = YES;
				CLANG_WARN_OBJC_IMPLICIT_RETAIN_SELF = YES;
				CLANG_WARN_OBJC_LITERAL_CONVERSION = YES;
				CLANG_WARN_OBJC_ROOT_CLASS = YES_ERROR;
				CLANG_WARN_QUOTED_INCLUDE_IN_FRAMEWORK_HEADER = YES;
				CLANG_WARN_RANGE_LOOP_ANALYSIS = YES;
				CLANG_WARN_STRICT_PROTOTYPES = YES;
				CLANG_WARN_SUSPICIOUS_MOVE = YES;
				CLANG_WARN_UNREACHABLE_CODE = YES;
				CLANG_WARN__DUPLICATE_METHOD_MATCH = YES;
				"CODE_SIGN_IDENTITY[sdk=iphoneos*]" = "iPhone Developer";
				COPY_PHASE_STRIP = NO;
				ENABLE_STRICT_OBJC_MSGSEND = YES;
				ENABLE_TESTABILITY = YES;
				"EXCLUDED_ARCHS[sdk=*]" = "";
				"EXCLUDED_ARCHS[sdk=iphonesimulator*]" = "";
				GCC_C_LANGUAGE_STANDARD = gnu99;
				GCC_DYNAMIC_NO_PIC = NO;
				GCC_NO_COMMON_BLOCKS = YES;
				GCC_OPTIMIZATION_LEVEL = 0;
				GCC_PREPROCESSOR_DEFINITIONS = (
					"DEBUG=1",
					"$(inherited)",
				);
				GCC_SYMBOLS_PRIVATE_EXTERN = NO;
				GCC_WARN_64_TO_32_BIT_CONVERSION = YES;
				GCC_WARN_ABOUT_RETURN_TYPE = YES_ERROR;
				GCC_WARN_UNDECLARED_SELECTOR = YES;
				GCC_WARN_UNINITIALIZED_AUTOS = YES_AGGRESSIVE;
				GCC_WARN_UNUSED_FUNCTION = YES;
				GCC_WARN_UNUSED_VARIABLE = YES;
				LD_RUNPATH_SEARCH_PATHS = (
					/usr/lib/swift,
					"$(inherited)",
				);
				LIBRARY_SEARCH_PATHS = (
					"\"$(SDKROOT)/usr/lib/swift\"",
					"\"$(TOOLCHAIN_DIR)/usr/lib/swift/$(PLATFORM_NAME)\"",
					"\"$(inherited)\"",
					"$(PROJECT_DIR)/DbServiceLib",
				);
				MTL_ENABLE_DEBUG_INFO = YES;
				ONLY_ACTIVE_ARCH = YES;
				OTHER_CFLAGS = "$(inherited)";
				OTHER_CPLUSPLUSFLAGS = (
					"$(OTHER_CFLAGS)",
					"-DFOLLY_NO_CONFIG",
					"-DFOLLY_MOBILE=1",
					"-DFOLLY_USE_LIBCPP=1",
				);
				REACT_NATIVE_PATH = "${PODS_ROOT}/../../node_modules/react-native";
				"REEXPORTED_LIBRARY_PATHS[arch=*]" = "";
				SDKROOT = iphoneos;
			};
			name = Debug;
		};
		83CBBA211A601CBA00E9B192 /* Release */ = {
			isa = XCBuildConfiguration;
			buildSettings = {
				ALWAYS_SEARCH_USER_PATHS = NO;
				CLANG_ANALYZER_LOCALIZABILITY_NONLOCALIZED = YES;
				CLANG_CXX_LANGUAGE_STANDARD = "c++17";
				CLANG_CXX_LIBRARY = "libc++";
				CLANG_ENABLE_MODULES = YES;
				CLANG_ENABLE_OBJC_ARC = YES;
				CLANG_WARN_BLOCK_CAPTURE_AUTORELEASING = YES;
				CLANG_WARN_BOOL_CONVERSION = YES;
				CLANG_WARN_COMMA = YES;
				CLANG_WARN_CONSTANT_CONVERSION = YES;
				CLANG_WARN_DEPRECATED_OBJC_IMPLEMENTATIONS = YES;
				CLANG_WARN_DIRECT_OBJC_ISA_USAGE = YES_ERROR;
				CLANG_WARN_EMPTY_BODY = YES;
				CLANG_WARN_ENUM_CONVERSION = YES;
				CLANG_WARN_INFINITE_RECURSION = YES;
				CLANG_WARN_INT_CONVERSION = YES;
				CLANG_WARN_NON_LITERAL_NULL_CONVERSION = YES;
				CLANG_WARN_OBJC_IMPLICIT_RETAIN_SELF = YES;
				CLANG_WARN_OBJC_LITERAL_CONVERSION = YES;
				CLANG_WARN_OBJC_ROOT_CLASS = YES_ERROR;
				CLANG_WARN_QUOTED_INCLUDE_IN_FRAMEWORK_HEADER = YES;
				CLANG_WARN_RANGE_LOOP_ANALYSIS = YES;
				CLANG_WARN_STRICT_PROTOTYPES = YES;
				CLANG_WARN_SUSPICIOUS_MOVE = YES;
				CLANG_WARN_UNREACHABLE_CODE = YES;
				CLANG_WARN__DUPLICATE_METHOD_MATCH = YES;
				"CODE_SIGN_IDENTITY[sdk=iphoneos*]" = "iPhone Developer";
				COPY_PHASE_STRIP = YES;
				ENABLE_NS_ASSERTIONS = NO;
				ENABLE_STRICT_OBJC_MSGSEND = YES;
				"EXCLUDED_ARCHS[sdk=*]" = "";
				"EXCLUDED_ARCHS[sdk=iphonesimulator*]" = "";
				GCC_C_LANGUAGE_STANDARD = gnu99;
				GCC_NO_COMMON_BLOCKS = YES;
				GCC_WARN_64_TO_32_BIT_CONVERSION = YES;
				GCC_WARN_ABOUT_RETURN_TYPE = YES_ERROR;
				GCC_WARN_UNDECLARED_SELECTOR = YES;
				GCC_WARN_UNINITIALIZED_AUTOS = YES_AGGRESSIVE;
				GCC_WARN_UNUSED_FUNCTION = YES;
				GCC_WARN_UNUSED_VARIABLE = YES;
				LD_RUNPATH_SEARCH_PATHS = (
					/usr/lib/swift,
					"$(inherited)",
				);
				LIBRARY_SEARCH_PATHS = (
					"\"$(SDKROOT)/usr/lib/swift\"",
					"\"$(TOOLCHAIN_DIR)/usr/lib/swift/$(PLATFORM_NAME)\"",
					"\"$(inherited)\"",
					"$(PROJECT_DIR)/DbServiceLib",
				);
				MTL_ENABLE_DEBUG_INFO = NO;
				OTHER_CFLAGS = "$(inherited)";
				OTHER_CPLUSPLUSFLAGS = (
					"$(OTHER_CFLAGS)",
					"-DFOLLY_NO_CONFIG",
					"-DFOLLY_MOBILE=1",
					"-DFOLLY_USE_LIBCPP=1",
				);
				REACT_NATIVE_PATH = "${PODS_ROOT}/../../node_modules/react-native";
				SDKROOT = iphoneos;
				VALIDATE_PRODUCT = YES;
			};
			name = Release;
		};
/* End XCBuildConfiguration section */

/* Begin XCConfigurationList section */
		00E357021AD99517003FC87E /* Build configuration list for PBXNativeTarget "OneKeePassMobileTests" */ = {
			isa = XCConfigurationList;
			buildConfigurations = (
				00E356F61AD99517003FC87E /* Debug */,
				00E356F71AD99517003FC87E /* Release */,
			);
			defaultConfigurationIsVisible = 0;
			defaultConfigurationName = Release;
		};
		13B07F931A680F5B00A75B9A /* Build configuration list for PBXNativeTarget "OneKeePassMobile" */ = {
			isa = XCConfigurationList;
			buildConfigurations = (
				13B07F941A680F5B00A75B9A /* Debug */,
				13B07F951A680F5B00A75B9A /* Release */,
			);
			defaultConfigurationIsVisible = 0;
			defaultConfigurationName = Release;
		};
		83CBB9FA1A601CBA00E9B192 /* Build configuration list for PBXProject "OneKeePassMobile" */ = {
			isa = XCConfigurationList;
			buildConfigurations = (
				83CBBA201A601CBA00E9B192 /* Debug */,
				83CBBA211A601CBA00E9B192 /* Release */,
			);
			defaultConfigurationIsVisible = 0;
			defaultConfigurationName = Release;
		};
/* End XCConfigurationList section */
	};
	rootObject = 83CBB9F71A601CBA00E9B192 /* Project object */;
}
